
Microsoft Visual Studio Solution File, Format Version 12.00
# Visual Studio Version 16
VisualStudioVersion = 16.0.29001.49
MinimumVisualStudioVersion = 10.0.40219.1
Project("{FAE04EC0-301F-11D3-BF4B-00C04F79EFBC}") = "WinformCalculator", "WinformCalculator\WinformCalculator.csproj", "{A753DF17-F712-403E-BF5D-1D14771451F8}"
EndProject
Global
	GlobalSection(SolutionConfigurationPlatforms) = preSolution
		Debug|Any CPU = Debug|Any CPU
		Release|Any CPU = Release|Any CPU
	EndGlobalSection
	GlobalSection(ProjectConfigurationPlatforms) = postSolution
		{A753DF17-F712-403E-BF5D-1D14771451F8}.Debug|Any CPU.ActiveCfg = Debug|Any CPU
		{A753DF17-F712-403E-BF5D-1D14771451F8}.Debug|Any CPU.Build.0 = Debug|Any CPU
		{A753DF17-F712-403E-BF5D-1D14771451F8}.Release|Any CPU.ActiveCfg = Release|Any CPU
		{A753DF17-F712-403E-BF5D-1D14771451F8}.Release|Any CPU.Build.0 = Release|Any CPU
	EndGlobalSection
	GlobalSection(SolutionProperties) = preSolution
		HideSolutionNode = FALSE
	EndGlobalSection
	GlobalSection(ExtensibilityGlobals) = postSolution
		SolutionGuid = {4C4166F0-AC47-4082-9C2E-8800AE09D142}
	EndGlobalSection
EndGlobal
